
Microsoft Visual Studio Solution File, Format Version 12.00
# Visual Studio 15
VisualStudioVersion = 15.0.26730.15
MinimumVisualStudioVersion = 10.0.40219.1
Project("{FAE04EC0-301F-11D3-BF4B-00C04F79EFBC}") = "TestFigur", "TestFigur\TestFigur.csproj", "{10C9E258-88B5-4136-AE59-A1CF234D512E}"
EndProject
Project("{9A19103F-16F7-4668-BE54-9A1E7A4F7556}") = "Figury", "..\Figury\Figury\Figury.csproj", "{48C454C1-11E8-4633-9D58-2767BC56F1F6}"
EndProject
Global
	GlobalSection(SolutionConfigurationPlatforms) = preSolution
		Debug|Any CPU = Debug|Any CPU
		Release|Any CPU = Release|Any CPU
	EndGlobalSection
	GlobalSection(ProjectConfigurationPlatforms) = postSolution
		{10C9E258-88B5-4136-AE59-A1CF234D512E}.Debug|Any CPU.ActiveCfg = Debug|Any CPU
		{10C9E258-88B5-4136-AE59-A1CF234D512E}.Debug|Any CPU.Build.0 = Debug|Any CPU
		{10C9E258-88B5-4136-AE59-A1CF234D512E}.Release|Any CPU.ActiveCfg = Release|Any CPU
		{10C9E258-88B5-4136-AE59-A1CF234D512E}.Release|Any CPU.Build.0 = Release|Any CPU
		{48C454C1-11E8-4633-9D58-2767BC56F1F6}.Debug|Any CPU.ActiveCfg = Debug|Any CPU
		{48C454C1-11E8-4633-9D58-2767BC56F1F6}.Debug|Any CPU.Build.0 = Debug|Any CPU
		{48C454C1-11E8-4633-9D58-2767BC56F1F6}.Release|Any CPU.ActiveCfg = Release|Any CPU
		{48C454C1-11E8-4633-9D58-2767BC56F1F6}.Release|Any CPU.Build.0 = Release|Any CPU
	EndGlobalSection
	GlobalSection(SolutionProperties) = preSolution
		HideSolutionNode = FALSE
	EndGlobalSection
	GlobalSection(ExtensibilityGlobals) = postSolution
		SolutionGuid = {16B924E4-99B0-4678-8EB0-E5CB8D42B8F4}
	EndGlobalSection
EndGlobal
